// !$*UTF8*$!
{
	archiveVersion = 1;
	classes = {
	};
	objectVersion = 50;
	objects = {

/* Begin PBXBuildFile section */
		AA09E99421B6594300611CD9 /* AppDelegate.m in Sources */ = {isa = PBXBuildFile; fileRef = AA09E99321B6594300611CD9 /* AppDelegate.m */; };
		AA09E99721B6594300611CD9 /* ViewController.m in Sources */ = {isa = PBXBuildFile; fileRef = AA09E99621B6594300611CD9 /* ViewController.m */; };
		AA09E99A21B6594300611CD9 /* Main.storyboard in Resources */ = {isa = PBXBuildFile; fileRef = AA09E99821B6594300611CD9 /* Main.storyboard */; };
		AA09E99C21B6594400611CD9 /* Assets.xcassets in Resources */ = {isa = PBXBuildFile; fileRef = AA09E99B21B6594400611CD9 /* Assets.xcassets */; };
		AA09E99F21B6594400611CD9 /* LaunchScreen.storyboard in Resources */ = {isa = PBXBuildFile; fileRef = AA09E99D21B6594400611CD9 /* LaunchScreen.storyboard */; };
		AA09E9A221B6594400611CD9 /* main.m in Sources */ = {isa = PBXBuildFile; fileRef = AA09E9A121B6594400611CD9 /* main.m */; };
		AA09E9AC21B6594400611CD9 /* Smile2Tests.m in Sources */ = {isa = PBXBuildFile; fileRef = AA09E9AB21B6594400611CD9 /* Smile2Tests.m */; };
		AA09E9B721B6594400611CD9 /* Smile2UITests.m in Sources */ = {isa = PBXBuildFile; fileRef = AA09E9B621B6594400611CD9 /* Smile2UITests.m */; };
/* End PBXBuildFile section */

/* Begin PBXContainerItemProxy section */
		AA09E9A821B6594400611CD9 /* PBXContainerItemProxy */ = {
			isa = PBXContainerItemProxy;
			containerPortal = AA09E98721B6594300611CD9 /* Project object */;
			proxyType = 1;
			remoteGlobalIDString = AA09E98E21B6594300611CD9;
			remoteInfo = Smile2;
		};
		AA09E9B321B6594400611CD9 /* PBXContainerItemProxy */ = {
			isa = PBXContainerItemProxy;
			containerPortal = AA09E98721B6594300611CD9 /* Project object */;
			proxyType = 1;
			remoteGlobalIDString = AA09E98E21B6594300611CD9;
			remoteInfo = Smile2;
		};
/* End PBXContainerItemProxy section */

/* Begin PBXFileReference section */
		AA09E98F21B6594300611CD9 /* Smile2.app */ = {isa = PBXFileReference; explicitFileType = wrapper.application; includeInIndex = 0; path = Smile2.app; sourceTree = BUILT_PRODUCTS_DIR; };
		AA09E99221B6594300611CD9 /* AppDelegate.h */ = {isa = PBXFileReference; lastKnownFileType = sourcecode.c.h; path = AppDelegate.h; sourceTree = "<group>"; };
		AA09E99321B6594300611CD9 /* AppDelegate.m */ = {isa = PBXFileReference; lastKnownFileType = sourcecode.c.objc; path = AppDelegate.m; sourceTree = "<group>"; };
		AA09E99521B6594300611CD9 /* ViewController.h */ = {isa = PBXFileReference; lastKnownFileType = sourcecode.c.h; path = ViewController.h; sourceTree = "<group>"; };
		AA09E99621B6594300611CD9 /* ViewController.m */ = {isa = PBXFileReference; lastKnownFileType = sourcecode.c.objc; path = ViewController.m; sourceTree = "<group>"; };
		AA09E99921B6594300611CD9 /* Base */ = {isa = PBXFileReference; lastKnownFileType = file.storyboard; name = Base; path = Base.lproj/Main.storyboard; sourceTree = "<group>"; };
		AA09E99B21B6594400611CD9 /* Assets.xcassets */ = {isa = PBXFileReference; lastKnownFileType = folder.assetcatalog; path = Assets.xcassets; sourceTree = "<group>"; };
		AA09E99E21B6594400611CD9 /* Base */ = {isa = PBXFileReference; lastKnownFileType = file.storyboard; name = Base; path = Base.lproj/LaunchScreen.storyboard; sourceTree = "<group>"; };
		AA09E9A021B6594400611CD9 /* Info.plist */ = {isa = PBXFileReference; lastKnownFileType = text.plist.xml; path = Info.plist; sourceTree = "<group>"; };
		AA09E9A121B6594400611CD9 /* main.m */ = {isa = PBXFileReference; lastKnownFileType = sourcecode.c.objc; path = main.m; sourceTree = "<group>"; };
		AA09E9A721B6594400611CD9 /* Smile2Tests.xctest */ = {isa = PBXFileReference; explicitFileType = wrapper.cfbundle; includeInIndex = 0; path = Smile2Tests.xctest; sourceTree = BUILT_PRODUCTS_DIR; };
		AA09E9AB21B6594400611CD9 /* Smile2Tests.m */ = {isa = PBXFileReference; lastKnownFileType = sourcecode.c.objc; path = Smile2Tests.m; sourceTree = "<group>"; };
		AA09E9AD21B6594400611CD9 /* Info.plist */ = {isa = PBXFileReference; lastKnownFileType = text.plist.xml; path = Info.plist; sourceTree = "<group>"; };
		AA09E9B221B6594400611CD9 /* Smile2UITests.xctest */ = {isa = PBXFileReference; explicitFileType = wrapper.cfbundle; includeInIndex = 0; path = Smile2UITests.xctest; sourceTree = BUILT_PRODUCTS_DIR; };
		AA09E9B621B6594400611CD9 /* Smile2UITests.m */ = {isa = PBXFileReference; lastKnownFileType = sourcecode.c.objc; path = Smile2UITests.m; sourceTree = "<group>"; };
		AA09E9B821B6594400611CD9 /* Info.plist */ = {isa = PBXFileReference; lastKnownFileType = text.plist.xml; path = Info.plist; sourceTree = "<group>"; };
/* End PBXFileReference section */

/* Begin PBXFrameworksBuildPhase section */
		AA09E98C21B6594300611CD9 /* Frameworks */ = {
			isa = PBXFrameworksBuildPhase;
			buildActionMask = 2147483647;
			files = (
			);
			runOnlyForDeploymentPostprocessing = 0;
		};
		AA09E9A421B6594400611CD9 /* Frameworks */ = {
			isa = PBXFrameworksBuildPhase;
			buildActionMask = 2147483647;
			files = (
			);
			runOnlyForDeploymentPostprocessing = 0;
		};
		AA09E9AF21B6594400611CD9 /* Frameworks */ = {
			isa = PBXFrameworksBuildPhase;
			buildActionMask = 2147483647;
			files = (
			);
			runOnlyForDeploymentPostprocessing = 0;
		};
/* End PBXFrameworksBuildPhase section */

/* Begin PBXGroup section */
		AA09E98621B6594300611CD9 = {
			isa = PBXGroup;
			children = (
				AA09E99121B6594300611CD9 /* Smile2 */,
				AA09E9AA21B6594400611CD9 /* Smile2Tests */,
				AA09E9B521B6594400611CD9 /* Smile2UITests */,
				AA09E99021B6594300611CD9 /* Products */,
			);
			sourceTree = "<group>";
		};
		AA09E99021B6594300611CD9 /* Products */ = {
			isa = PBXGroup;
			children = (
				AA09E98F21B6594300611CD9 /* Smile2.app */,
				AA09E9A721B6594400611CD9 /* Smile2Tests.xctest */,
				AA09E9B221B6594400611CD9 /* Smile2UITests.xctest */,
			);
			name = Products;
			sourceTree = "<group>";
		};
		AA09E99121B6594300611CD9 /* Smile2 */ = {
			isa = PBXGroup;
			children = (
				AA09E99221B6594300611CD9 /* AppDelegate.h */,
				AA09E99321B6594300611CD9 /* AppDelegate.m */,
				AA09E99521B6594300611CD9 /* ViewController.h */,
				AA09E99621B6594300611CD9 /* ViewController.m */,
				AA09E99821B6594300611CD9 /* Main.storyboard */,
				AA09E99B21B6594400611CD9 /* Assets.xcassets */,
				AA09E99D21B6594400611CD9 /* LaunchScreen.storyboard */,
				AA09E9A021B6594400611CD9 /* Info.plist */,
				AA09E9A121B6594400611CD9 /* main.m */,
			);
			path = Smile2;
			sourceTree = "<group>";
		};
		AA09E9AA21B6594400611CD9 /* Smile2Tests */ = {
			isa = PBXGroup;
			children = (
				AA09E9AB21B6594400611CD9 /* Smile2Tests.m */,
				AA09E9AD21B6594400611CD9 /* Info.plist */,
			);
			path = Smile2Tests;
			sourceTree = "<group>";
		};
		AA09E9B521B6594400611CD9 /* Smile2UITests */ = {
			isa = PBXGroup;
			children = (
				AA09E9B621B6594400611CD9 /* Smile2UITests.m */,
				AA09E9B821B6594400611CD9 /* Info.plist */,
			);
			path = Smile2UITests;
			sourceTree = "<group>";
		};
/* End PBXGroup section */

/* Begin PBXNativeTarget section */
		AA09E98E21B6594300611CD9 /* Smile2 */ = {
			isa = PBXNativeTarget;
			buildConfigurationList = AA09E9BB21B6594400611CD9 /* Build configuration list for PBXNativeTarget "Smile2" */;
			buildPhases = (
				AA09E98B21B6594300611CD9 /* Sources */,
				AA09E98C21B6594300611CD9 /* Frameworks */,
				AA09E98D21B6594300611CD9 /* Resources */,
			);
			buildRules = (
			);
			dependencies = (
			);
			name = Smile2;
			productName = Smile2;
			productReference = AA09E98F21B6594300611CD9 /* Smile2.app */;
			productType = "com.apple.product-type.application";
		};
		AA09E9A621B6594400611CD9 /* Smile2Tests */ = {
			isa = PBXNativeTarget;
			buildConfigurationList = AA09E9BE21B6594400611CD9 /* Build configuration list for PBXNativeTarget "Smile2Tests" */;
			buildPhases = (
				AA09E9A321B6594400611CD9 /* Sources */,
				AA09E9A421B6594400611CD9 /* Frameworks */,
				AA09E9A521B6594400611CD9 /* Resources */,
			);
			buildRules = (
			);
			dependencies = (
				AA09E9A921B6594400611CD9 /* PBXTargetDependency */,
			);
			name = Smile2Tests;
			productName = Smile2Tests;
			productReference = AA09E9A721B6594400611CD9 /* Smile2Tests.xctest */;
			productType = "com.apple.product-type.bundle.unit-test";
		};
		AA09E9B121B6594400611CD9 /* Smile2UITests */ = {
			isa = PBXNativeTarget;
			buildConfigurationList = AA09E9C121B6594400611CD9 /* Build configuration list for PBXNativeTarget "Smile2UITests" */;
			buildPhases = (
				AA09E9AE21B6594400611CD9 /* Sources */,
				AA09E9AF21B6594400611CD9 /* Frameworks */,
				AA09E9B021B6594400611CD9 /* Resources */,
			);
			buildRules = (
			);
			dependencies = (
				AA09E9B421B6594400611CD9 /* PBXTargetDependency */,
			);
			name = Smile2UITests;
			productName = Smile2UITests;
			productReference = AA09E9B221B6594400611CD9 /* Smile2UITests.xctest */;
			productType = "com.apple.product-type.bundle.ui-testing";
		};
/* End PBXNativeTarget section */

/* Begin PBXProject section */
		AA09E98721B6594300611CD9 /* Project object */ = {
			isa = PBXProject;
			attributes = {
				LastUpgradeCheck = 1000;
				ORGANIZATIONNAME = Chan;
				TargetAttributes = {
					AA09E98E21B6594300611CD9 = {
						CreatedOnToolsVersion = 10.0;
					};
					AA09E9A621B6594400611CD9 = {
						CreatedOnToolsVersion = 10.0;
						TestTargetID = AA09E98E21B6594300611CD9;
					};
					AA09E9B121B6594400611CD9 = {
						CreatedOnToolsVersion = 10.0;
						TestTargetID = AA09E98E21B6594300611CD9;
					};
				};
			};
			buildConfigurationList = AA09E98A21B6594300611CD9 /* Build configuration list for PBXProject "Smile2" */;
			compatibilityVersion = "Xcode 9.3";
			developmentRegion = en;
			hasScannedForEncodings = 0;
			knownRegions = (
				en,
				Base,
			);
			mainGroup = AA09E98621B6594300611CD9;
			productRefGroup = AA09E99021B6594300611CD9 /* Products */;
			projectDirPath = "";
			projectRoot = "";
			targets = (
				AA09E98E21B6594300611CD9 /* Smile2 */,
				AA09E9A621B6594400611CD9 /* Smile2Tests */,
				AA09E9B121B6594400611CD9 /* Smile2UITests */,
			);
		};
/* End PBXProject section */

/* Begin PBXResourcesBuildPhase section */
		AA09E98D21B6594300611CD9 /* Resources */ = {
			isa = PBXResourcesBuildPhase;
			buildActionMask = 2147483647;
			files = (
				AA09E99F21B6594400611CD9 /* LaunchScreen.storyboard in Resources */,
				AA09E99C21B6594400611CD9 /* Assets.xcassets in Resources */,
				AA09E99A21B6594300611CD9 /* Main.storyboard in Resources */,
			);
			runOnlyForDeploymentPostprocessing = 0;
		};
		AA09E9A521B6594400611CD9 /* Resources */ = {
			isa = PBXResourcesBuildPhase;
			buildActionMask = 2147483647;
			files = (
			);
			runOnlyForDeploymentPostprocessing = 0;
		};
		AA09E9B021B6594400611CD9 /* Resources */ = {
			isa = PBXResourcesBuildPhase;
			buildActionMask = 2147483647;
			files = (
			);
			runOnlyForDeploymentPostprocessing = 0;
		};
/* End PBXResourcesBuildPhase section */

/* Begin PBXSourcesBuildPhase section */
		AA09E98B21B6594300611CD9 /* Sources */ = {
			isa = PBXSourcesBuildPhase;
			buildActionMask = 2147483647;
			files = (
				AA09E99721B6594300611CD9 /* ViewController.m in Sources */,
				AA09E9A221B6594400611CD9 /* main.m in Sources */,
				AA09E99421B6594300611CD9 /* AppDelegate.m in Sources */,
			);
			runOnlyForDeploymentPostprocessing = 0;
		};
		AA09E9A321B6594400611CD9 /* Sources */ = {
			isa = PBXSourcesBuildPhase;
			buildActionMask = 2147483647;
			files = (
				AA09E9AC21B6594400611CD9 /* Smile2Tests.m in Sources */,
			);
			runOnlyForDeploymentPostprocessing = 0;
		};
		AA09E9AE21B6594400611CD9 /* Sources */ = {
			isa = PBXSourcesBuildPhase;
			buildActionMask = 2147483647;
			files = (
				AA09E9B721B6594400611CD9 /* Smile2UITests.m in Sources */,
			);
			runOnlyForDeploymentPostprocessing = 0;
		};
/* End PBXSourcesBuildPhase section */

/* Begin PBXTargetDependency section */
		AA09E9A921B6594400611CD9 /* PBXTargetDependency */ = {
			isa = PBXTargetDependency;
			target = AA09E98E21B6594300611CD9 /* Smile2 */;
			targetProxy = AA09E9A821B6594400611CD9 /* PBXContainerItemProxy */;
		};
		AA09E9B421B6594400611CD9 /* PBXTargetDependency */ = {
			isa = PBXTargetDependency;
			target = AA09E98E21B6594300611CD9 /* Smile2 */;
			targetProxy = AA09E9B321B6594400611CD9 /* PBXContainerItemProxy */;
		};
/* End PBXTargetDependency section */

/* Begin PBXVariantGroup section */
		AA09E99821B6594300611CD9 /* Main.storyboard */ = {
			isa = PBXVariantGroup;
			children = (
				AA09E99921B6594300611CD9 /* Base */,
			);
			name = Main.storyboard;
			sourceTree = "<group>";
		};
		AA09E99D21B6594400611CD9 /* LaunchScreen.storyboard */ = {
			isa = PBXVariantGroup;
			children = (
				AA09E99E21B6594400611CD9 /* Base */,
			);
			name = LaunchScreen.storyboard;
			sourceTree = "<group>";
		};
/* End PBXVariantGroup section */

/* Begin XCBuildConfiguration section */
		AA09E9B921B6594400611CD9 /* Debug */ = {
			isa = XCBuildConfiguration;
			buildSettings = {
				ALWAYS_SEARCH_USER_PATHS = NO;
				CLANG_ANALYZER_NONNULL = YES;
				CLANG_ANALYZER_NUMBER_OBJECT_CONVERSION = YES_AGGRESSIVE;
				CLANG_CXX_LANGUAGE_STANDARD = "gnu++14";
				CLANG_CXX_LIBRARY = "libc++";
				CLANG_ENABLE_MODULES = YES;
				CLANG_ENABLE_OBJC_ARC = YES;
				CLANG_ENABLE_OBJC_WEAK = YES;
				CLANG_WARN_BLOCK_CAPTURE_AUTORELEASING = YES;
				CLANG_WARN_BOOL_CONVERSION = YES;
				CLANG_WARN_COMMA = YES;
				CLANG_WARN_CONSTANT_CONVERSION = YES;
				CLANG_WARN_DEPRECATED_OBJC_IMPLEMENTATIONS = YES;
				CLANG_WARN_DIRECT_OBJC_ISA_USAGE = YES_ERROR;
				CLANG_WARN_DOCUMENTATION_COMMENTS = YES;
				CLANG_WARN_EMPTY_BODY = YES;
				CLANG_WARN_ENUM_CONVERSION = YES;
				CLANG_WARN_INFINITE_RECURSION = YES;
				CLANG_WARN_INT_CONVERSION = YES;
				CLANG_WARN_NON_LITERAL_NULL_CONVERSION = YES;
				CLANG_WARN_OBJC_IMPLICIT_RETAIN_SELF = YES;
				CLANG_WARN_OBJC_LITERAL_CONVERSION = YES;
				CLANG_WARN_OBJC_ROOT_CLASS = YES_ERROR;
				CLANG_WARN_RANGE_LOOP_ANALYSIS = YES;
				CLANG_WARN_STRICT_PROTOTYPES = YES;
				CLANG_WARN_SUSPICIOUS_MOVE = YES;
				CLANG_WARN_UNGUARDED_AVAILABILITY = YES_AGGRESSIVE;
				CLANG_WARN_UNREACHABLE_CODE = YES;
				CLANG_WARN__DUPLICATE_METHOD_MATCH = YES;
				CODE_SIGN_IDENTITY = "iPhone Developer";
				COPY_PHASE_STRIP = NO;
				DEBUG_INFORMATION_FORMAT = dwarf;
				ENABLE_STRICT_OBJC_MSGSEND = YES;
				ENABLE_TESTABILITY = YES;
				GCC_C_LANGUAGE_STANDARD = gnu11;
				GCC_DYNAMIC_NO_PIC = NO;
				GCC_NO_COMMON_BLOCKS = YES;
				GCC_OPTIMIZATION_LEVEL = 0;
				GCC_PREPROCESSOR_DEFINITIONS = (
					"DEBUG=1",
					"$(inherited)",
				);
				GCC_WARN_64_TO_32_BIT_CONVERSION = YES;
				GCC_WARN_ABOUT_RETURN_TYPE = YES_ERROR;
				GCC_WARN_UNDECLARED_SELECTOR = YES;
				GCC_WARN_UNINITIALIZED_AUTOS = YES_AGGRESSIVE;
				GCC_WARN_UNUSED_FUNCTION = YES;
				GCC_WARN_UNUSED_VARIABLE = YES;
				IPHONEOS_DEPLOYMENT_TARGET = 12.0;
				MTL_ENABLE_DEBUG_INFO = INCLUDE_SOURCE;
				MTL_FAST_MATH = YES;
				ONLY_ACTIVE_ARCH = YES;
				SDKROOT = iphoneos;
			};
			name = Debug;
		};
		AA09E9BA21B6594400611CD9 /* Release */ = {
			isa = XCBuildConfiguration;
			buildSettings = {
				ALWAYS_SEARCH_USER_PATHS = NO;
				CLANG_ANALYZER_NONNULL = YES;
				CLANG_ANALYZER_NUMBER_OBJECT_CONVERSION = YES_AGGRESSIVE;
				CLANG_CXX_LANGUAGE_STANDARD = "gnu++14";
				CLANG_CXX_LIBRARY = "libc++";
				CLANG_ENABLE_MODULES = YES;
				CLANG_ENABLE_OBJC_ARC = YES;
				CLANG_ENABLE_OBJC_WEAK = YES;
				CLANG_WARN_BLOCK_CAPTURE_AUTORELEASING = YES;
				CLANG_WARN_BOOL_CONVERSION = YES;
				CLANG_WARN_COMMA = YES;
				CLANG_WARN_CONSTANT_CONVERSION = YES;
				CLANG_WARN_DEPRECATED_OBJC_IMPLEMENTATIONS = YES;
				CLANG_WARN_DIRECT_OBJC_ISA_USAGE = YES_ERROR;
				CLANG_WARN_DOCUMENTATION_COMMENTS = YES;
				CLANG_WARN_EMPTY_BODY = YES;
				CLANG_WARN_ENUM_CONVERSION = YES;
				CLANG_WARN_INFINITE_RECURSION = YES;
				CLANG_WARN_INT_CONVERSION = YES;
				CLANG_WARN_NON_LITERAL_NULL_CONVERSION = YES;
				CLANG_WARN_OBJC_IMPLICIT_RETAIN_SELF = YES;
				CLANG_WARN_OBJC_LITERAL_CONVERSION = YES;
				CLANG_WARN_OBJC_ROOT_CLASS = YES_ERROR;
				CLANG_WARN_RANGE_LOOP_ANALYSIS = YES;
				CLANG_WARN_STRICT_PROTOTYPES = YES;
				CLANG_WARN_SUSPICIOUS_MOVE = YES;
				CLANG_WARN_UNGUARDED_AVAILABILITY = YES_AGGRESSIVE;
				CLANG_WARN_UNREACHABLE_CODE = YES;
				CLANG_WARN__DUPLICATE_METHOD_MATCH = YES;
				CODE_SIGN_IDENTITY = "iPhone Developer";
				COPY_PHASE_STRIP = NO;
				DEBUG_INFORMATION_FORMAT = "dwarf-with-dsym";
				ENABLE_NS_ASSERTIONS = NO;
				ENABLE_STRICT_OBJC_MSGSEND = YES;
				GCC_C_LANGUAGE_STANDARD = gnu11;
				GCC_NO_COMMON_BLOCKS = YES;
				GCC_WARN_64_TO_32_BIT_CONVERSION = YES;
				GCC_WARN_ABOUT_RETURN_TYPE = YES_ERROR;
				GCC_WARN_UNDECLARED_SELECTOR = YES;
				GCC_WARN_UNINITIALIZED_AUTOS = YES_AGGRESSIVE;
				GCC_WARN_UNUSED_FUNCTION = YES;
				GCC_WARN_UNUSED_VARIABLE = YES;
				IPHONEOS_DEPLOYMENT_TARGET = 12.0;
				MTL_ENABLE_DEBUG_INFO = NO;
				MTL_FAST_MATH = YES;
				SDKROOT = iphoneos;
				VALIDATE_PRODUCT = YES;
			};
			name = Release;
		};
		AA09E9BC21B6594400611CD9 /* Debug */ = {
			isa = XCBuildConfiguration;
			buildSettings = {
				ASSETCATALOG_COMPILER_APPICON_NAME = AppIcon;
				CODE_SIGN_STYLE = Automatic;
				INFOPLIST_FILE = Smile2/Info.plist;
				LD_RUNPATH_SEARCH_PATHS = (
					"$(inherited)",
					"@executable_path/Frameworks",
				);
				PRODUCT_BUNDLE_IDENTIFIER = com.Chan.www.Smile2;
				PRODUCT_NAME = "$(TARGET_NAME)";
				TARGETED_DEVICE_FAMILY = "1,2";
			};
			name = Debug;
		};
		AA09E9BD21B6594400611CD9 /* Release */ = {
			isa = XCBuildConfiguration;
			buildSettings = {
				ASSETCATALOG_COMPILER_APPICON_NAME = AppIcon;
				CODE_SIGN_STYLE = Automatic;
				INFOPLIST_FILE = Smile2/Info.plist;
				LD_RUNPATH_SEARCH_PATHS = (
					"$(inherited)",
					"@executable_path/Frameworks",
				);
				PRODUCT_BUNDLE_IDENTIFIER = com.Chan.www.Smile2;
				PRODUCT_NAME = "$(TARGET_NAME)";
				TARGETED_DEVICE_FAMILY = "1,2";
			};
			name = Release;
		};
		AA09E9BF21B6594400611CD9 /* Debug */ = {
			isa = XCBuildConfiguration;
			buildSettings = {
				BUNDLE_LOADER = "$(TEST_HOST)";
				CODE_SIGN_STYLE = Automatic;
				INFOPLIST_FILE = Smile2Tests/Info.plist;
				LD_RUNPATH_SEARCH_PATHS = (
					"$(inherited)",
					"@executable_path/Frameworks",
					"@loader_path/Frameworks",
				);
				PRODUCT_BUNDLE_IDENTIFIER = com.Chan.www.Smile2Tests;
				PRODUCT_NAME = "$(TARGET_NAME)";
				TARGETED_DEVICE_FAMILY = "1,2";
				TEST_HOST = "$(BUILT_PRODUCTS_DIR)/Smile2.app/Smile2";
			};
			name = Debug;
		};
		AA09E9C021B6594400611CD9 /* Release */ = {
			isa = XCBuildConfiguration;
			buildSettings = {
				BUNDLE_LOADER = "$(TEST_HOST)";
				CODE_SIGN_STYLE = Automatic;
				INFOPLIST_FILE = Smile2Tests/Info.plist;
				LD_RUNPATH_SEARCH_PATHS = (
					"$(inherited)",
					"@executable_path/Frameworks",
					"@loader_path/Frameworks",
				);
				PRODUCT_BUNDLE_IDENTIFIER = com.Chan.www.Smile2Tests;
				PRODUCT_NAME = "$(TARGET_NAME)";
				TARGETED_DEVICE_FAMILY = "1,2";
				TEST_HOST = "$(BUILT_PRODUCTS_DIR)/Smile2.app/Smile2";
			};
			name = Release;
		};
		AA09E9C221B6594400611CD9 /* Debug */ = {
			isa = XCBuildConfiguration;
			buildSettings = {
				CODE_SIGN_STYLE = Automatic;
				INFOPLIST_FILE = Smile2UITests/Info.plist;
				LD_RUNPATH_SEARCH_PATHS = (
					"$(inherited)",
					"@executable_path/Frameworks",
					"@loader_path/Frameworks",
				);
				PRODUCT_BUNDLE_IDENTIFIER = com.Chan.www.Smile2UITests;
				PRODUCT_NAME = "$(TARGET_NAME)";
				TARGETED_DEVICE_FAMILY = "1,2";
				TEST_TARGET_NAME = Smile2;
			};
			name = Debug;
		};
		AA09E9C321B6594400611CD9 /* Release */ = {
			isa = XCBuildConfiguration;
			buildSettings = {
				CODE_SIGN_STYLE = Automatic;
				INFOPLIST_FILE = Smile2UITests/Info.plist;
				LD_RUNPATH_SEARCH_PATHS = (
					"$(inherited)",
					"@executable_path/Frameworks",
					"@loader_path/Frameworks",
				);
				PRODUCT_BUNDLE_IDENTIFIER = com.Chan.www.Smile2UITests;
				PRODUCT_NAME = "$(TARGET_NAME)";
				TARGETED_DEVICE_FAMILY = "1,2";
				TEST_TARGET_NAME = Smile2;
			};
			name = Release;
		};
/* End XCBuildConfiguration section */

/* Begin XCConfigurationList section */
		AA09E98A21B6594300611CD9 /* Build configuration list for PBXProject "Smile2" */ = {
			isa = XCConfigurationList;
			buildConfigurations = (
				AA09E9B921B6594400611CD9 /* Debug */,
				AA09E9BA21B6594400611CD9 /* Release */,
			);
			defaultConfigurationIsVisible = 0;
			defaultConfigurationName = Release;
		};
		AA09E9BB21B6594400611CD9 /* Build configuration list for PBXNativeTarget "Smile2" */ = {
			isa = XCConfigurationList;
			buildConfigurations = (
				AA09E9BC21B6594400611CD9 /* Debug */,
				AA09E9BD21B6594400611CD9 /* Release */,
			);
			defaultConfigurationIsVisible = 0;
			defaultConfigurationName = Release;
		};
		AA09E9BE21B6594400611CD9 /* Build configuration list for PBXNativeTarget "Smile2Tests" */ = {
			isa = XCConfigurationList;
			buildConfigurations = (
				AA09E9BF21B6594400611CD9 /* Debug */,
				AA09E9C021B6594400611CD9 /* Release */,
			);
			defaultConfigurationIsVisible = 0;
			defaultConfigurationName = Release;
		};
		AA09E9C121B6594400611CD9 /* Build configuration list for PBXNativeTarget "Smile2UITests" */ = {
			isa = XCConfigurationList;
			buildConfigurations = (
				AA09E9C221B6594400611CD9 /* Debug */,
				AA09E9C321B6594400611CD9 /* Release */,
			);
			defaultConfigurationIsVisible = 0;
			defaultConfigurationName = Release;
		};
/* End XCConfigurationList section */
	};
	rootObject = AA09E98721B6594300611CD9 /* Project object */;
}
